// !$*UTF8*$!
{
	archiveVersion = 1;
	classes = {
	};
	objectVersion = 56;
	objects = {

/* Begin PBXBuildFile section */
		511165372B669B9D00CAB252 /* AppDelegate.swift in Sources */ = {isa = PBXBuildFile; fileRef = 511165362B669B9D00CAB252 /* AppDelegate.swift */; };
		511165392B669B9D00CAB252 /* SceneDelegate.swift in Sources */ = {isa = PBXBuildFile; fileRef = 511165382B669B9D00CAB252 /* SceneDelegate.swift */; };
		511165402B669B9D00CAB252 /* Assets.xcassets in Resources */ = {isa = PBXBuildFile; fileRef = 5111653F2B669B9D00CAB252 /* Assets.xcassets */; };
		511165432B669B9D00CAB252 /* LaunchScreen.storyboard in Resources */ = {isa = PBXBuildFile; fileRef = 511165412B669B9D00CAB252 /* LaunchScreen.storyboard */; };
		5111654E2B669B9E00CAB252 /* goreneTests.swift in Sources */ = {isa = PBXBuildFile; fileRef = 5111654D2B669B9E00CAB252 /* goreneTests.swift */; };
		511165582B669B9E00CAB252 /* goreneUITests.swift in Sources */ = {isa = PBXBuildFile; fileRef = 511165572B669B9E00CAB252 /* goreneUITests.swift */; };
		5111655A2B669B9E00CAB252 /* goreneUITestsLaunchTests.swift in Sources */ = {isa = PBXBuildFile; fileRef = 511165592B669B9E00CAB252 /* goreneUITestsLaunchTests.swift */; };
		511165672B669CCD00CAB252 /* FirstView.swift in Sources */ = {isa = PBXBuildFile; fileRef = 511165662B669CCD00CAB252 /* FirstView.swift */; };
		5111656B2B669F6E00CAB252 /* CustomButton.swift in Sources */ = {isa = PBXBuildFile; fileRef = 5111656A2B669F6E00CAB252 /* CustomButton.swift */; };
		5111656F2B66A6E700CAB252 /* NPC.swift in Sources */ = {isa = PBXBuildFile; fileRef = 5111656E2B66A6E700CAB252 /* NPC.swift */; };
		512A62C02B6962C8005BD723 /* MainView.swift in Sources */ = {isa = PBXBuildFile; fileRef = 512A62BF2B6962C8005BD723 /* MainView.swift */; };
		512A62C42B6966D9005BD723 /* UIKitExtension.swift in Sources */ = {isa = PBXBuildFile; fileRef = 512A62C32B6966D9005BD723 /* UIKitExtension.swift */; };
		512A62C62B6973A7005BD723 /* MainModel.swift in Sources */ = {isa = PBXBuildFile; fileRef = 512A62C52B6973A7005BD723 /* MainModel.swift */; };
		512A62C82B697462005BD723 /* QuestModel.swift in Sources */ = {isa = PBXBuildFile; fileRef = 512A62C72B697462005BD723 /* QuestModel.swift */; };
		512A62CA2B697504005BD723 /* QuestService.swift in Sources */ = {isa = PBXBuildFile; fileRef = 512A62C92B697504005BD723 /* QuestService.swift */; };
		51BC332E2B7156B300F5E032 /* SettingsModel.swift in Sources */ = {isa = PBXBuildFile; fileRef = 51BC332D2B7156B300F5E032 /* SettingsModel.swift */; };
		51C80C912B6EE91800670F6E /* TableButtonViewCell.swift in Sources */ = {isa = PBXBuildFile; fileRef = 51C80C902B6EE91800670F6E /* TableButtonViewCell.swift */; };
		51C80C942B6EEA7E00670F6E /* MainPresenter.swift in Sources */ = {isa = PBXBuildFile; fileRef = 51C80C932B6EEA7E00670F6E /* MainPresenter.swift */; };
		51DFFF812B6EDF0400499FE9 /* MainViewExtension.swift in Sources */ = {isa = PBXBuildFile; fileRef = 51DFFF802B6EDF0400499FE9 /* MainViewExtension.swift */; };
/* End PBXBuildFile section */

/* Begin PBXContainerItemProxy section */
		5111654A2B669B9E00CAB252 /* PBXContainerItemProxy */ = {
			isa = PBXContainerItemProxy;
			containerPortal = 5111652B2B669B9C00CAB252 /* Project object */;
			proxyType = 1;
			remoteGlobalIDString = 511165322B669B9D00CAB252;
			remoteInfo = gorene;
		};
		511165542B669B9E00CAB252 /* PBXContainerItemProxy */ = {
			isa = PBXContainerItemProxy;
			containerPortal = 5111652B2B669B9C00CAB252 /* Project object */;
			proxyType = 1;
			remoteGlobalIDString = 511165322B669B9D00CAB252;
			remoteInfo = gorene;
		};
/* End PBXContainerItemProxy section */

/* Begin PBXFileReference section */
		511165332B669B9D00CAB252 /* gorene.app */ = {isa = PBXFileReference; explicitFileType = wrapper.application; includeInIndex = 0; path = gorene.app; sourceTree = BUILT_PRODUCTS_DIR; };
		511165362B669B9D00CAB252 /* AppDelegate.swift */ = {isa = PBXFileReference; lastKnownFileType = sourcecode.swift; path = AppDelegate.swift; sourceTree = "<group>"; };
		511165382B669B9D00CAB252 /* SceneDelegate.swift */ = {isa = PBXFileReference; lastKnownFileType = sourcecode.swift; path = SceneDelegate.swift; sourceTree = "<group>"; };
		5111653F2B669B9D00CAB252 /* Assets.xcassets */ = {isa = PBXFileReference; lastKnownFileType = folder.assetcatalog; path = Assets.xcassets; sourceTree = "<group>"; };
		511165422B669B9D00CAB252 /* Base */ = {isa = PBXFileReference; lastKnownFileType = file.storyboard; name = Base; path = Base.lproj/LaunchScreen.storyboard; sourceTree = "<group>"; };
		511165442B669B9D00CAB252 /* Info.plist */ = {isa = PBXFileReference; lastKnownFileType = text.plist.xml; path = Info.plist; sourceTree = "<group>"; };
		511165492B669B9E00CAB252 /* goreneTests.xctest */ = {isa = PBXFileReference; explicitFileType = wrapper.cfbundle; includeInIndex = 0; path = goreneTests.xctest; sourceTree = BUILT_PRODUCTS_DIR; };
		5111654D2B669B9E00CAB252 /* goreneTests.swift */ = {isa = PBXFileReference; lastKnownFileType = sourcecode.swift; path = goreneTests.swift; sourceTree = "<group>"; };
		511165532B669B9E00CAB252 /* goreneUITests.xctest */ = {isa = PBXFileReference; explicitFileType = wrapper.cfbundle; includeInIndex = 0; path = goreneUITests.xctest; sourceTree = BUILT_PRODUCTS_DIR; };
		511165572B669B9E00CAB252 /* goreneUITests.swift */ = {isa = PBXFileReference; lastKnownFileType = sourcecode.swift; path = goreneUITests.swift; sourceTree = "<group>"; };
		511165592B669B9E00CAB252 /* goreneUITestsLaunchTests.swift */ = {isa = PBXFileReference; lastKnownFileType = sourcecode.swift; path = goreneUITestsLaunchTests.swift; sourceTree = "<group>"; };
		511165662B669CCD00CAB252 /* FirstView.swift */ = {isa = PBXFileReference; lastKnownFileType = sourcecode.swift; path = FirstView.swift; sourceTree = "<group>"; };
		5111656A2B669F6E00CAB252 /* CustomButton.swift */ = {isa = PBXFileReference; lastKnownFileType = sourcecode.swift; path = CustomButton.swift; sourceTree = "<group>"; };
		5111656E2B66A6E700CAB252 /* NPC.swift */ = {isa = PBXFileReference; lastKnownFileType = sourcecode.swift; path = NPC.swift; sourceTree = "<group>"; };
		512A62BF2B6962C8005BD723 /* MainView.swift */ = {isa = PBXFileReference; lastKnownFileType = sourcecode.swift; path = MainView.swift; sourceTree = "<group>"; };
		512A62C32B6966D9005BD723 /* UIKitExtension.swift */ = {isa = PBXFileReference; lastKnownFileType = sourcecode.swift; path = UIKitExtension.swift; sourceTree = "<group>"; };
		512A62C52B6973A7005BD723 /* MainModel.swift */ = {isa = PBXFileReference; lastKnownFileType = sourcecode.swift; path = MainModel.swift; sourceTree = "<group>"; };
		512A62C72B697462005BD723 /* QuestModel.swift */ = {isa = PBXFileReference; lastKnownFileType = sourcecode.swift; path = QuestModel.swift; sourceTree = "<group>"; };
		512A62C92B697504005BD723 /* QuestService.swift */ = {isa = PBXFileReference; lastKnownFileType = sourcecode.swift; path = QuestService.swift; sourceTree = "<group>"; };
		51BC332D2B7156B300F5E032 /* SettingsModel.swift */ = {isa = PBXFileReference; lastKnownFileType = sourcecode.swift; path = SettingsModel.swift; sourceTree = "<group>"; };
		51C80C902B6EE91800670F6E /* TableButtonViewCell.swift */ = {isa = PBXFileReference; lastKnownFileType = sourcecode.swift; path = TableButtonViewCell.swift; sourceTree = "<group>"; };
		51C80C932B6EEA7E00670F6E /* MainPresenter.swift */ = {isa = PBXFileReference; lastKnownFileType = sourcecode.swift; path = MainPresenter.swift; sourceTree = "<group>"; };
		51DFFF802B6EDF0400499FE9 /* MainViewExtension.swift */ = {isa = PBXFileReference; lastKnownFileType = sourcecode.swift; path = MainViewExtension.swift; sourceTree = "<group>"; };
/* End PBXFileReference section */

/* Begin PBXFrameworksBuildPhase section */
		511165302B669B9D00CAB252 /* Frameworks */ = {
			isa = PBXFrameworksBuildPhase;
			buildActionMask = 2147483647;
			files = (
			);
			runOnlyForDeploymentPostprocessing = 0;
		};
		511165462B669B9E00CAB252 /* Frameworks */ = {
			isa = PBXFrameworksBuildPhase;
			buildActionMask = 2147483647;
			files = (
			);
			runOnlyForDeploymentPostprocessing = 0;
		};
		511165502B669B9E00CAB252 /* Frameworks */ = {
			isa = PBXFrameworksBuildPhase;
			buildActionMask = 2147483647;
			files = (
			);
			runOnlyForDeploymentPostprocessing = 0;
		};
/* End PBXFrameworksBuildPhase section */

/* Begin PBXGroup section */
		5111652A2B669B9C00CAB252 = {
			isa = PBXGroup;
			children = (
				511165352B669B9D00CAB252 /* gorene */,
				5111654C2B669B9E00CAB252 /* goreneTests */,
				511165562B669B9E00CAB252 /* goreneUITests */,
				511165342B669B9D00CAB252 /* Products */,
			);
			sourceTree = "<group>";
		};
		511165342B669B9D00CAB252 /* Products */ = {
			isa = PBXGroup;
			children = (
				511165332B669B9D00CAB252 /* gorene.app */,
				511165492B669B9E00CAB252 /* goreneTests.xctest */,
				511165532B669B9E00CAB252 /* goreneUITests.xctest */,
			);
			name = Products;
			sourceTree = "<group>";
		};
		511165352B669B9D00CAB252 /* gorene */ = {
			isa = PBXGroup;
			children = (
				512A62C12B6962EC005BD723 /* Main */,
				511165682B669DB600CAB252 /* FirstView */,
				511165382B669B9D00CAB252 /* SceneDelegate.swift */,
				51C80C922B6EE98900670F6E /* Quest */,
				5111656E2B66A6E700CAB252 /* NPC.swift */,
				511165362B669B9D00CAB252 /* AppDelegate.swift */,
				511165692B669F1C00CAB252 /* CustomView */,
				512A62C22B696673005BD723 /* Extension */,
				51BC332C2B71566800F5E032 /* Settings */,
				5111653F2B669B9D00CAB252 /* Assets.xcassets */,
				511165412B669B9D00CAB252 /* LaunchScreen.storyboard */,
				511165442B669B9D00CAB252 /* Info.plist */,
			);
			path = gorene;
			sourceTree = "<group>";
		};
		5111654C2B669B9E00CAB252 /* goreneTests */ = {
			isa = PBXGroup;
			children = (
				5111654D2B669B9E00CAB252 /* goreneTests.swift */,
			);
			path = goreneTests;
			sourceTree = "<group>";
		};
		511165562B669B9E00CAB252 /* goreneUITests */ = {
			isa = PBXGroup;
			children = (
				511165572B669B9E00CAB252 /* goreneUITests.swift */,
				511165592B669B9E00CAB252 /* goreneUITestsLaunchTests.swift */,
			);
			path = goreneUITests;
			sourceTree = "<group>";
		};
		511165682B669DB600CAB252 /* FirstView */ = {
			isa = PBXGroup;
			children = (
				511165662B669CCD00CAB252 /* FirstView.swift */,
			);
			path = FirstView;
			sourceTree = "<group>";
		};
		511165692B669F1C00CAB252 /* CustomView */ = {
			isa = PBXGroup;
			children = (
				5111656A2B669F6E00CAB252 /* CustomButton.swift */,
			);
			path = CustomView;
			sourceTree = "<group>";
		};
		512A62C12B6962EC005BD723 /* Main */ = {
			isa = PBXGroup;
			children = (
				512A62BF2B6962C8005BD723 /* MainView.swift */,
				51DFFF802B6EDF0400499FE9 /* MainViewExtension.swift */,
				512A62C52B6973A7005BD723 /* MainModel.swift */,
				51C80C932B6EEA7E00670F6E /* MainPresenter.swift */,
				51C80C902B6EE91800670F6E /* TableButtonViewCell.swift */,
			);
			path = Main;
			sourceTree = "<group>";
		};
		512A62C22B696673005BD723 /* Extension */ = {
			isa = PBXGroup;
			children = (
				512A62C32B6966D9005BD723 /* UIKitExtension.swift */,
			);
			path = Extension;
			sourceTree = "<group>";
		};
		51BC332C2B71566800F5E032 /* Settings */ = {
			isa = PBXGroup;
			children = (
				51BC332D2B7156B300F5E032 /* SettingsModel.swift */,
			);
			path = Settings;
			sourceTree = "<group>";
		};
		51C80C922B6EE98900670F6E /* Quest */ = {
			isa = PBXGroup;
			children = (
				512A62C72B697462005BD723 /* QuestModel.swift */,
				512A62C92B697504005BD723 /* QuestService.swift */,
			);
			path = Quest;
			sourceTree = "<group>";
		};
/* End PBXGroup section */

/* Begin PBXNativeTarget section */
		511165322B669B9D00CAB252 /* gorene */ = {
			isa = PBXNativeTarget;
			buildConfigurationList = 5111655D2B669B9E00CAB252 /* Build configuration list for PBXNativeTarget "gorene" */;
			buildPhases = (
				5111652F2B669B9D00CAB252 /* Sources */,
				511165302B669B9D00CAB252 /* Frameworks */,
				511165312B669B9D00CAB252 /* Resources */,
			);
			buildRules = (
			);
			dependencies = (
			);
			name = gorene;
			productName = gorene;
			productReference = 511165332B669B9D00CAB252 /* gorene.app */;
			productType = "com.apple.product-type.application";
		};
		511165482B669B9E00CAB252 /* goreneTests */ = {
			isa = PBXNativeTarget;
			buildConfigurationList = 511165602B669B9E00CAB252 /* Build configuration list for PBXNativeTarget "goreneTests" */;
			buildPhases = (
				511165452B669B9E00CAB252 /* Sources */,
				511165462B669B9E00CAB252 /* Frameworks */,
				511165472B669B9E00CAB252 /* Resources */,
			);
			buildRules = (
			);
			dependencies = (
				5111654B2B669B9E00CAB252 /* PBXTargetDependency */,
			);
			name = goreneTests;
			productName = goreneTests;
			productReference = 511165492B669B9E00CAB252 /* goreneTests.xctest */;
			productType = "com.apple.product-type.bundle.unit-test";
		};
		511165522B669B9E00CAB252 /* goreneUITests */ = {
			isa = PBXNativeTarget;
			buildConfigurationList = 511165632B669B9E00CAB252 /* Build configuration list for PBXNativeTarget "goreneUITests" */;
			buildPhases = (
				5111654F2B669B9E00CAB252 /* Sources */,
				511165502B669B9E00CAB252 /* Frameworks */,
				511165512B669B9E00CAB252 /* Resources */,
			);
			buildRules = (
			);
			dependencies = (
				511165552B669B9E00CAB252 /* PBXTargetDependency */,
			);
			name = goreneUITests;
			productName = goreneUITests;
			productReference = 511165532B669B9E00CAB252 /* goreneUITests.xctest */;
			productType = "com.apple.product-type.bundle.ui-testing";
		};
/* End PBXNativeTarget section */

/* Begin PBXProject section */
		5111652B2B669B9C00CAB252 /* Project object */ = {
			isa = PBXProject;
			attributes = {
				BuildIndependentTargetsInParallel = 1;
				LastSwiftUpdateCheck = 1500;
				LastUpgradeCheck = 1500;
				TargetAttributes = {
					511165322B669B9D00CAB252 = {
						CreatedOnToolsVersion = 15.0;
					};
					511165482B669B9E00CAB252 = {
						CreatedOnToolsVersion = 15.0;
						TestTargetID = 511165322B669B9D00CAB252;
					};
					511165522B669B9E00CAB252 = {
						CreatedOnToolsVersion = 15.0;
						TestTargetID = 511165322B669B9D00CAB252;
					};
				};
			};
			buildConfigurationList = 5111652E2B669B9C00CAB252 /* Build configuration list for PBXProject "gorene" */;
			compatibilityVersion = "Xcode 14.0";
			developmentRegion = en;
			hasScannedForEncodings = 0;
			knownRegions = (
				en,
				Base,
			);
			mainGroup = 5111652A2B669B9C00CAB252;
			productRefGroup = 511165342B669B9D00CAB252 /* Products */;
			projectDirPath = "";
			projectRoot = "";
			targets = (
				511165322B669B9D00CAB252 /* gorene */,
				511165482B669B9E00CAB252 /* goreneTests */,
				511165522B669B9E00CAB252 /* goreneUITests */,
			);
		};
/* End PBXProject section */

/* Begin PBXResourcesBuildPhase section */
		511165312B669B9D00CAB252 /* Resources */ = {
			isa = PBXResourcesBuildPhase;
			buildActionMask = 2147483647;
			files = (
				511165432B669B9D00CAB252 /* LaunchScreen.storyboard in Resources */,
				511165402B669B9D00CAB252 /* Assets.xcassets in Resources */,
			);
			runOnlyForDeploymentPostprocessing = 0;
		};
		511165472B669B9E00CAB252 /* Resources */ = {
			isa = PBXResourcesBuildPhase;
			buildActionMask = 2147483647;
			files = (
			);
			runOnlyForDeploymentPostprocessing = 0;
		};
		511165512B669B9E00CAB252 /* Resources */ = {
			isa = PBXResourcesBuildPhase;
			buildActionMask = 2147483647;
			files = (
			);
			runOnlyForDeploymentPostprocessing = 0;
		};
/* End PBXResourcesBuildPhase section */

/* Begin PBXSourcesBuildPhase section */
		5111652F2B669B9D00CAB252 /* Sources */ = {
			isa = PBXSourcesBuildPhase;
			buildActionMask = 2147483647;
			files = (
				512A62C02B6962C8005BD723 /* MainView.swift in Sources */,
				5111656F2B66A6E700CAB252 /* NPC.swift in Sources */,
				512A62C82B697462005BD723 /* QuestModel.swift in Sources */,
				512A62C62B6973A7005BD723 /* MainModel.swift in Sources */,
				512A62CA2B697504005BD723 /* QuestService.swift in Sources */,
				511165672B669CCD00CAB252 /* FirstView.swift in Sources */,
				51C80C942B6EEA7E00670F6E /* MainPresenter.swift in Sources */,
				511165372B669B9D00CAB252 /* AppDelegate.swift in Sources */,
				51DFFF812B6EDF0400499FE9 /* MainViewExtension.swift in Sources */,
				512A62C42B6966D9005BD723 /* UIKitExtension.swift in Sources */,
				511165392B669B9D00CAB252 /* SceneDelegate.swift in Sources */,
				5111656B2B669F6E00CAB252 /* CustomButton.swift in Sources */,
				51BC332E2B7156B300F5E032 /* SettingsModel.swift in Sources */,
				51C80C912B6EE91800670F6E /* TableButtonViewCell.swift in Sources */,
			);
			runOnlyForDeploymentPostprocessing = 0;
		};
		511165452B669B9E00CAB252 /* Sources */ = {
			isa = PBXSourcesBuildPhase;
			buildActionMask = 2147483647;
			files = (
				5111654E2B669B9E00CAB252 /* goreneTests.swift in Sources */,
			);
			runOnlyForDeploymentPostprocessing = 0;
		};
		5111654F2B669B9E00CAB252 /* Sources */ = {
			isa = PBXSourcesBuildPhase;
			buildActionMask = 2147483647;
			files = (
				5111655A2B669B9E00CAB252 /* goreneUITestsLaunchTests.swift in Sources */,
				511165582B669B9E00CAB252 /* goreneUITests.swift in Sources */,
			);
			runOnlyForDeploymentPostprocessing = 0;
		};
/* End PBXSourcesBuildPhase section */

/* Begin PBXTargetDependency section */
		5111654B2B669B9E00CAB252 /* PBXTargetDependency */ = {
			isa = PBXTargetDependency;
			target = 511165322B669B9D00CAB252 /* gorene */;
			targetProxy = 5111654A2B669B9E00CAB252 /* PBXContainerItemProxy */;
		};
		511165552B669B9E00CAB252 /* PBXTargetDependency */ = {
			isa = PBXTargetDependency;
			target = 511165322B669B9D00CAB252 /* gorene */;
			targetProxy = 511165542B669B9E00CAB252 /* PBXContainerItemProxy */;
		};
/* End PBXTargetDependency section */

/* Begin PBXVariantGroup section */
		511165412B669B9D00CAB252 /* LaunchScreen.storyboard */ = {
			isa = PBXVariantGroup;
			children = (
				511165422B669B9D00CAB252 /* Base */,
			);
			name = LaunchScreen.storyboard;
			sourceTree = "<group>";
		};
/* End PBXVariantGroup section */

/* Begin XCBuildConfiguration section */
		5111655B2B669B9E00CAB252 /* Debug */ = {
			isa = XCBuildConfiguration;
			buildSettings = {
				ALWAYS_SEARCH_USER_PATHS = NO;
				ASSETCATALOG_COMPILER_GENERATE_SWIFT_ASSET_SYMBOL_EXTENSIONS = YES;
				CLANG_ANALYZER_NONNULL = YES;
				CLANG_ANALYZER_NUMBER_OBJECT_CONVERSION = YES_AGGRESSIVE;
				CLANG_CXX_LANGUAGE_STANDARD = "gnu++20";
				CLANG_ENABLE_MODULES = YES;
				CLANG_ENABLE_OBJC_ARC = YES;
				CLANG_ENABLE_OBJC_WEAK = YES;
				CLANG_WARN_BLOCK_CAPTURE_AUTORELEASING = YES;
				CLANG_WARN_BOOL_CONVERSION = YES;
				CLANG_WARN_COMMA = YES;
				CLANG_WARN_CONSTANT_CONVERSION = YES;
				CLANG_WARN_DEPRECATED_OBJC_IMPLEMENTATIONS = YES;
				CLANG_WARN_DIRECT_OBJC_ISA_USAGE = YES_ERROR;
				CLANG_WARN_DOCUMENTATION_COMMENTS = YES;
				CLANG_WARN_EMPTY_BODY = YES;
				CLANG_WARN_ENUM_CONVERSION = YES;
				CLANG_WARN_INFINITE_RECURSION = YES;
				CLANG_WARN_INT_CONVERSION = YES;
				CLANG_WARN_NON_LITERAL_NULL_CONVERSION = YES;
				CLANG_WARN_OBJC_IMPLICIT_RETAIN_SELF = YES;
				CLANG_WARN_OBJC_LITERAL_CONVERSION = YES;
				CLANG_WARN_OBJC_ROOT_CLASS = YES_ERROR;
				CLANG_WARN_QUOTED_INCLUDE_IN_FRAMEWORK_HEADER = YES;
				CLANG_WARN_RANGE_LOOP_ANALYSIS = YES;
				CLANG_WARN_STRICT_PROTOTYPES = YES;
				CLANG_WARN_SUSPICIOUS_MOVE = YES;
				CLANG_WARN_UNGUARDED_AVAILABILITY = YES_AGGRESSIVE;
				CLANG_WARN_UNREACHABLE_CODE = YES;
				CLANG_WARN__DUPLICATE_METHOD_MATCH = YES;
				COPY_PHASE_STRIP = NO;
				DEBUG_INFORMATION_FORMAT = dwarf;
				ENABLE_STRICT_OBJC_MSGSEND = YES;
				ENABLE_TESTABILITY = YES;
				ENABLE_USER_SCRIPT_SANDBOXING = YES;
				GCC_C_LANGUAGE_STANDARD = gnu17;
				GCC_DYNAMIC_NO_PIC = NO;
				GCC_NO_COMMON_BLOCKS = YES;
				GCC_OPTIMIZATION_LEVEL = 0;
				GCC_PREPROCESSOR_DEFINITIONS = (
					"DEBUG=1",
					"$(inherited)",
				);
				GCC_WARN_64_TO_32_BIT_CONVERSION = YES;
				GCC_WARN_ABOUT_RETURN_TYPE = YES_ERROR;
				GCC_WARN_UNDECLARED_SELECTOR = YES;
				GCC_WARN_UNINITIALIZED_AUTOS = YES_AGGRESSIVE;
				GCC_WARN_UNUSED_FUNCTION = YES;
				GCC_WARN_UNUSED_VARIABLE = YES;
				IPHONEOS_DEPLOYMENT_TARGET = 14.7;
				LOCALIZATION_PREFERS_STRING_CATALOGS = YES;
				MTL_ENABLE_DEBUG_INFO = INCLUDE_SOURCE;
				MTL_FAST_MATH = YES;
				ONLY_ACTIVE_ARCH = YES;
				SDKROOT = iphoneos;
				SWIFT_ACTIVE_COMPILATION_CONDITIONS = "DEBUG $(inherited)";
				SWIFT_OPTIMIZATION_LEVEL = "-Onone";
			};
			name = Debug;
		};
		5111655C2B669B9E00CAB252 /* Release */ = {
			isa = XCBuildConfiguration;
			buildSettings = {
				ALWAYS_SEARCH_USER_PATHS = NO;
				ASSETCATALOG_COMPILER_GENERATE_SWIFT_ASSET_SYMBOL_EXTENSIONS = YES;
				CLANG_ANALYZER_NONNULL = YES;
				CLANG_ANALYZER_NUMBER_OBJECT_CONVERSION = YES_AGGRESSIVE;
				CLANG_CXX_LANGUAGE_STANDARD = "gnu++20";
				CLANG_ENABLE_MODULES = YES;
				CLANG_ENABLE_OBJC_ARC = YES;
				CLANG_ENABLE_OBJC_WEAK = YES;
				CLANG_WARN_BLOCK_CAPTURE_AUTORELEASING = YES;
				CLANG_WARN_BOOL_CONVERSION = YES;
				CLANG_WARN_COMMA = YES;
				CLANG_WARN_CONSTANT_CONVERSION = YES;
				CLANG_WARN_DEPRECATED_OBJC_IMPLEMENTATIONS = YES;
				CLANG_WARN_DIRECT_OBJC_ISA_USAGE = YES_ERROR;
				CLANG_WARN_DOCUMENTATION_COMMENTS = YES;
				CLANG_WARN_EMPTY_BODY = YES;
				CLANG_WARN_ENUM_CONVERSION = YES;
				CLANG_WARN_INFINITE_RECURSION = YES;
				CLANG_WARN_INT_CONVERSION = YES;
				CLANG_WARN_NON_LITERAL_NULL_CONVERSION = YES;
				CLANG_WARN_OBJC_IMPLICIT_RETAIN_SELF = YES;
				CLANG_WARN_OBJC_LITERAL_CONVERSION = YES;
				CLANG_WARN_OBJC_ROOT_CLASS = YES_ERROR;
				CLANG_WARN_QUOTED_INCLUDE_IN_FRAMEWORK_HEADER = YES;
				CLANG_WARN_RANGE_LOOP_ANALYSIS = YES;
				CLANG_WARN_STRICT_PROTOTYPES = YES;
				CLANG_WARN_SUSPICIOUS_MOVE = YES;
				CLANG_WARN_UNGUARDED_AVAILABILITY = YES_AGGRESSIVE;
				CLANG_WARN_UNREACHABLE_CODE = YES;
				CLANG_WARN__DUPLICATE_METHOD_MATCH = YES;
				COPY_PHASE_STRIP = NO;
				DEBUG_INFORMATION_FORMAT = "dwarf-with-dsym";
				ENABLE_NS_ASSERTIONS = NO;
				ENABLE_STRICT_OBJC_MSGSEND = YES;
				ENABLE_USER_SCRIPT_SANDBOXING = YES;
				GCC_C_LANGUAGE_STANDARD = gnu17;
				GCC_NO_COMMON_BLOCKS = YES;
				GCC_WARN_64_TO_32_BIT_CONVERSION = YES;
				GCC_WARN_ABOUT_RETURN_TYPE = YES_ERROR;
				GCC_WARN_UNDECLARED_SELECTOR = YES;
				GCC_WARN_UNINITIALIZED_AUTOS = YES_AGGRESSIVE;
				GCC_WARN_UNUSED_FUNCTION = YES;
				GCC_WARN_UNUSED_VARIABLE = YES;
				IPHONEOS_DEPLOYMENT_TARGET = 14.7;
				LOCALIZATION_PREFERS_STRING_CATALOGS = YES;
				MTL_ENABLE_DEBUG_INFO = NO;
				MTL_FAST_MATH = YES;
				SDKROOT = iphoneos;
				SWIFT_COMPILATION_MODE = wholemodule;
				VALIDATE_PRODUCT = YES;
			};
			name = Release;
		};
		5111655E2B669B9E00CAB252 /* Debug */ = {
			isa = XCBuildConfiguration;
			buildSettings = {
				ASSETCATALOG_COMPILER_APPICON_NAME = AppIcon;
				ASSETCATALOG_COMPILER_GLOBAL_ACCENT_COLOR_NAME = AccentColor;
				CODE_SIGN_STYLE = Automatic;
				CURRENT_PROJECT_VERSION = 1;
				DEVELOPMENT_TEAM = L24ACGSC43;
				GENERATE_INFOPLIST_FILE = YES;
				INFOPLIST_FILE = gorene/Info.plist;
				INFOPLIST_KEY_UIApplicationSupportsIndirectInputEvents = YES;
				INFOPLIST_KEY_UILaunchStoryboardName = LaunchScreen;
				INFOPLIST_KEY_UISupportedInterfaceOrientations_iPad = "UIInterfaceOrientationPortrait UIInterfaceOrientationPortraitUpsideDown UIInterfaceOrientationLandscapeLeft UIInterfaceOrientationLandscapeRight";
				INFOPLIST_KEY_UISupportedInterfaceOrientations_iPhone = "UIInterfaceOrientationPortrait UIInterfaceOrientationLandscapeLeft UIInterfaceOrientationLandscapeRight";
				IPHONEOS_DEPLOYMENT_TARGET = 14.7;
				LD_RUNPATH_SEARCH_PATHS = (
					"$(inherited)",
					"@executable_path/Frameworks",
				);
				MARKETING_VERSION = 1.0;
				PRODUCT_BUNDLE_IDENTIFIER = ecorp.red.gorene;
				PRODUCT_NAME = "$(TARGET_NAME)";
				SWIFT_EMIT_LOC_STRINGS = YES;
				SWIFT_VERSION = 5.0;
				TARGETED_DEVICE_FAMILY = "1,2";
			};
			name = Debug;
		};
		5111655F2B669B9E00CAB252 /* Release */ = {
			isa = XCBuildConfiguration;
			buildSettings = {
				ASSETCATALOG_COMPILER_APPICON_NAME = AppIcon;
				ASSETCATALOG_COMPILER_GLOBAL_ACCENT_COLOR_NAME = AccentColor;
				CODE_SIGN_STYLE = Automatic;
				CURRENT_PROJECT_VERSION = 1;
				DEVELOPMENT_TEAM = L24ACGSC43;
				GENERATE_INFOPLIST_FILE = YES;
				INFOPLIST_FILE = gorene/Info.plist;
				INFOPLIST_KEY_UIApplicationSupportsIndirectInputEvents = YES;
				INFOPLIST_KEY_UILaunchStoryboardName = LaunchScreen;
				INFOPLIST_KEY_UISupportedInterfaceOrientations_iPad = "UIInterfaceOrientationPortrait UIInterfaceOrientationPortraitUpsideDown UIInterfaceOrientationLandscapeLeft UIInterfaceOrientationLandscapeRight";
				INFOPLIST_KEY_UISupportedInterfaceOrientations_iPhone = "UIInterfaceOrientationPortrait UIInterfaceOrientationLandscapeLeft UIInterfaceOrientationLandscapeRight";
				IPHONEOS_DEPLOYMENT_TARGET = 14.7;
				LD_RUNPATH_SEARCH_PATHS = (
					"$(inherited)",
					"@executable_path/Frameworks",
				);
				MARKETING_VERSION = 1.0;
				PRODUCT_BUNDLE_IDENTIFIER = ecorp.red.gorene;
				PRODUCT_NAME = "$(TARGET_NAME)";
				SWIFT_EMIT_LOC_STRINGS = YES;
				SWIFT_VERSION = 5.0;
				TARGETED_DEVICE_FAMILY = "1,2";
			};
			name = Release;
		};
		511165612B669B9E00CAB252 /* Debug */ = {
			isa = XCBuildConfiguration;
			buildSettings = {
				ALWAYS_EMBED_SWIFT_STANDARD_LIBRARIES = YES;
				BUNDLE_LOADER = "$(TEST_HOST)";
				CODE_SIGN_STYLE = Automatic;
				CURRENT_PROJECT_VERSION = 1;
				DEVELOPMENT_TEAM = L24ACGSC43;
				GENERATE_INFOPLIST_FILE = YES;
				IPHONEOS_DEPLOYMENT_TARGET = 17.0;
				MARKETING_VERSION = 1.0;
				PRODUCT_BUNDLE_IDENTIFIER = ecorp.red.goreneTests;
				PRODUCT_NAME = "$(TARGET_NAME)";
				SWIFT_EMIT_LOC_STRINGS = NO;
				SWIFT_VERSION = 5.0;
				TARGETED_DEVICE_FAMILY = "1,2";
				TEST_HOST = "$(BUILT_PRODUCTS_DIR)/gorene.app/$(BUNDLE_EXECUTABLE_FOLDER_PATH)/gorene";
			};
			name = Debug;
		};
		511165622B669B9E00CAB252 /* Release */ = {
			isa = XCBuildConfiguration;
			buildSettings = {
				ALWAYS_EMBED_SWIFT_STANDARD_LIBRARIES = YES;
				BUNDLE_LOADER = "$(TEST_HOST)";
				CODE_SIGN_STYLE = Automatic;
				CURRENT_PROJECT_VERSION = 1;
				DEVELOPMENT_TEAM = L24ACGSC43;
				GENERATE_INFOPLIST_FILE = YES;
				IPHONEOS_DEPLOYMENT_TARGET = 17.0;
				MARKETING_VERSION = 1.0;
				PRODUCT_BUNDLE_IDENTIFIER = ecorp.red.goreneTests;
				PRODUCT_NAME = "$(TARGET_NAME)";
				SWIFT_EMIT_LOC_STRINGS = NO;
				SWIFT_VERSION = 5.0;
				TARGETED_DEVICE_FAMILY = "1,2";
				TEST_HOST = "$(BUILT_PRODUCTS_DIR)/gorene.app/$(BUNDLE_EXECUTABLE_FOLDER_PATH)/gorene";
			};
			name = Release;
		};
		511165642B669B9E00CAB252 /* Debug */ = {
			isa = XCBuildConfiguration;
			buildSettings = {
				ALWAYS_EMBED_SWIFT_STANDARD_LIBRARIES = YES;
				CODE_SIGN_STYLE = Automatic;
				CURRENT_PROJECT_VERSION = 1;
				DEVELOPMENT_TEAM = L24ACGSC43;
				GENERATE_INFOPLIST_FILE = YES;
				MARKETING_VERSION = 1.0;
				PRODUCT_BUNDLE_IDENTIFIER = ecorp.red.goreneUITests;
				PRODUCT_NAME = "$(TARGET_NAME)";
				SWIFT_EMIT_LOC_STRINGS = NO;
				SWIFT_VERSION = 5.0;
				TARGETED_DEVICE_FAMILY = "1,2";
				TEST_TARGET_NAME = gorene;
			};
			name = Debug;
		};
		511165652B669B9E00CAB252 /* Release */ = {
			isa = XCBuildConfiguration;
			buildSettings = {
				ALWAYS_EMBED_SWIFT_STANDARD_LIBRARIES = YES;
				CODE_SIGN_STYLE = Automatic;
				CURRENT_PROJECT_VERSION = 1;
				DEVELOPMENT_TEAM = L24ACGSC43;
				GENERATE_INFOPLIST_FILE = YES;
				MARKETING_VERSION = 1.0;
				PRODUCT_BUNDLE_IDENTIFIER = ecorp.red.goreneUITests;
				PRODUCT_NAME = "$(TARGET_NAME)";
				SWIFT_EMIT_LOC_STRINGS = NO;
				SWIFT_VERSION = 5.0;
				TARGETED_DEVICE_FAMILY = "1,2";
				TEST_TARGET_NAME = gorene;
			};
			name = Release;
		};
/* End XCBuildConfiguration section */

/* Begin XCConfigurationList section */
		5111652E2B669B9C00CAB252 /* Build configuration list for PBXProject "gorene" */ = {
			isa = XCConfigurationList;
			buildConfigurations = (
				5111655B2B669B9E00CAB252 /* Debug */,
				5111655C2B669B9E00CAB252 /* Release */,
			);
			defaultConfigurationIsVisible = 0;
			defaultConfigurationName = Release;
		};
		5111655D2B669B9E00CAB252 /* Build configuration list for PBXNativeTarget "gorene" */ = {
			isa = XCConfigurationList;
			buildConfigurations = (
				5111655E2B669B9E00CAB252 /* Debug */,
				5111655F2B669B9E00CAB252 /* Release */,
			);
			defaultConfigurationIsVisible = 0;
			defaultConfigurationName = Release;
		};
		511165602B669B9E00CAB252 /* Build configuration list for PBXNativeTarget "goreneTests" */ = {
			isa = XCConfigurationList;
			buildConfigurations = (
				511165612B669B9E00CAB252 /* Debug */,
				511165622B669B9E00CAB252 /* Release */,
			);
			defaultConfigurationIsVisible = 0;
			defaultConfigurationName = Release;
		};
		511165632B669B9E00CAB252 /* Build configuration list for PBXNativeTarget "goreneUITests" */ = {
			isa = XCConfigurationList;
			buildConfigurations = (
				511165642B669B9E00CAB252 /* Debug */,
				511165652B669B9E00CAB252 /* Release */,
			);
			defaultConfigurationIsVisible = 0;
			defaultConfigurationName = Release;
		};
/* End XCConfigurationList section */
	};
	rootObject = 5111652B2B669B9C00CAB252 /* Project object */;
}
